
Microsoft Visual Studio Solution File, Format Version 12.00
# Visual Studio 14
VisualStudioVersion = 14.0.25420.1
MinimumVisualStudioVersion = 10.0.40219.1
Project("{2150E333-8FDC-42A3-9474-1A3956D46DE8}") = "BuildScripts", "BuildScripts", "{0989EA0A-5DBB-4468-BB8D-2ADBFF49B04C}"
	ProjectSection(SolutionItems) = preProject
		BuildScripts\GenerateTestXMLs.sh = BuildScripts\GenerateTestXMLs.sh
		BuildScripts\PostBuild.ps1 = BuildScripts\PostBuild.ps1
	EndProjectSection
EndProject
Project("{2150E333-8FDC-42A3-9474-1A3956D46DE8}") = "CMake", "CMake", "{0710498A-6BF6-47FB-B552-02E0EFA6D542}"
	ProjectSection(SolutionItems) = preProject
		BuildScripts\CMake\add_catch_tests.cmake = BuildScripts\CMake\add_catch_tests.cmake
		CMakeLists.txt = CMakeLists.txt
		BuildScripts\CMake\cotire.cmake = BuildScripts\CMake\cotire.cmake
	EndProjectSection
EndProject
Project("{2150E333-8FDC-42A3-9474-1A3956D46DE8}") = "Doxygen", "Doxygen", "{71BE47D7-4057-4C10-A9FC-4685F0947B80}"
	ProjectSection(SolutionItems) = preProject
		BuildScripts\Doxygen\CyberEngineMkIIIAPIDoxy.cfg = BuildScripts\Doxygen\CyberEngineMkIIIAPIDoxy.cfg
		BuildScripts\Doxygen\CyberEngineMkIIIDoxy.cfg = BuildScripts\Doxygen\CyberEngineMkIIIDoxy.cfg
	EndProjectSection
EndProject
Project("{2150E333-8FDC-42A3-9474-1A3956D46DE8}") = "RemoteDebug", "RemoteDebug", "{AD52B059-EDE4-4BF9-B6A6-AFDE22310615}"
	ProjectSection(SolutionItems) = preProject
		BuildScripts\RemoteDebug\plink.exe = BuildScripts\RemoteDebug\plink.exe
		BuildScripts\RemoteDebug\pscp.exe = BuildScripts\RemoteDebug\pscp.exe
		BuildScripts\RemoteDebug\RemoteBuild.ps1 = BuildScripts\RemoteDebug\RemoteBuild.ps1
		BuildScripts\RemoteDebug\RemoteClean.ps1 = BuildScripts\RemoteDebug\RemoteClean.ps1
		BuildScripts\RemoteDebug\RemoteRebuild.ps1 = BuildScripts\RemoteDebug\RemoteRebuild.ps1
	EndProjectSection
EndProject
Project("{8BC9CEB8-8B4A-11D0-8D11-00A0C91BC942}") = "Engine", "Engine\Engine.vcxproj", "{364E825E-F224-4853-BD93-58C4AD7D36E4}"
EndProject
Project("{8BC9CEB8-8B4A-11D0-8D11-00A0C91BC942}") = "Executable", "Executable\Executable.vcxproj", "{1F07588E-625E-42BF-A4BD-93D7FD67F082}"
EndProject
Project("{2150E333-8FDC-42A3-9474-1A3956D46DE8}") = "Utilities", "Utilities", "{4A2D05F7-6B95-4803-9807-F3E38919B099}"
EndProject
Project("{FAE04EC0-301F-11D3-BF4B-00C04F79EFBC}") = "ModifiedSources", "Utilities\ModifiedSources\ModifiedSources.csproj", "{CC599006-A54B-417F-9E3D-650A38A7C3E5}"
EndProject
Project("{8BC9CEB8-8B4A-11D0-8D11-00A0C91BC942}") = "Remote", "Utilities\Remote\Remote.vcxproj", "{793D95A4-706F-49FF-A1E1-8C9E01E94655}"
	ProjectSection(ProjectDependencies) = postProject
		{CC599006-A54B-417F-9E3D-650A38A7C3E5} = {CC599006-A54B-417F-9E3D-650A38A7C3E5}
	EndProjectSection
EndProject
Project("{2150E333-8FDC-42A3-9474-1A3956D46DE8}") = "SupportLibs", "SupportLibs", "{323845DB-C57F-48B8-8D9B-33CA513E85FE}"
EndProject
Project("{2150E333-8FDC-42A3-9474-1A3956D46DE8}") = "Catch", "Catch", "{A4BD2B4E-C162-4329-B6CF-E0C2F610E5B6}"
EndProject
Project("{2150E333-8FDC-42A3-9474-1A3956D46DE8}") = "single_include", "single_include", "{85E06AE1-C645-43EE-B02E-24AFAF5CB194}"
	ProjectSection(SolutionItems) = preProject
		SupportLibs\Catch\single_include\catch.hpp = SupportLibs\Catch\single_include\catch.hpp
	EndProjectSection
EndProject
Project("{8BC9CEB8-8B4A-11D0-8D11-00A0C91BC942}") = "Tests", "Tests\Tests.vcxproj", "{C278CE8B-BC54-466E-A4F9-56F07CEB116F}"
EndProject
Project("{2150E333-8FDC-42A3-9474-1A3956D46DE8}") = "Travis", "Travis", "{CCC2B42A-EE15-409C-8672-1FBBE533DF4C}"
	ProjectSection(SolutionItems) = preProject
		.travis.yml = .travis.yml
		BuildScripts\Travis\Travis.sh = BuildScripts\Travis\Travis.sh
		BuildScripts\Travis\TravisCheckDox.sh = BuildScripts\Travis\TravisCheckDox.sh
		BuildScripts\Travis\TravisGenDox.sh = BuildScripts\Travis\TravisGenDox.sh
	EndProjectSection
EndProject
Project("{2150E333-8FDC-42A3-9474-1A3956D46DE8}") = "Git Stuff", "Git Stuff", "{26ACC199-00A5-47D2-B0F5-37E072E393E5}"
	ProjectSection(SolutionItems) = preProject
		.gitattributes = .gitattributes
		.gitignore = .gitignore
		.gitmodules = .gitmodules
		LICENSE.md = LICENSE.md
		README.md = README.md
	EndProjectSection
EndProject
Project("{2150E333-8FDC-42A3-9474-1A3956D46DE8}") = "Appveyor", "Appveyor", "{3BEB026D-3E5B-4704-AFC4-140DFA93AEBB}"
	ProjectSection(SolutionItems) = preProject
		appveyor.yml = appveyor.yml
		BuildScripts\Appveyor\InstallCatchAdapter.ps1 = BuildScripts\Appveyor\InstallCatchAdapter.ps1
	EndProjectSection
EndProject
Global
	GlobalSection(SolutionConfigurationPlatforms) = preSolution
		Debug|x64 = Debug|x64
		Release|x64 = Release|x64
		RemoteLinux|x64 = RemoteLinux|x64
		RemoteOSX|x64 = RemoteOSX|x64
	EndGlobalSection
	GlobalSection(ProjectConfigurationPlatforms) = postSolution
		{364E825E-F224-4853-BD93-58C4AD7D36E4}.Debug|x64.ActiveCfg = Debug|x64
		{364E825E-F224-4853-BD93-58C4AD7D36E4}.Debug|x64.Build.0 = Debug|x64
		{364E825E-F224-4853-BD93-58C4AD7D36E4}.Release|x64.ActiveCfg = Release|x64
		{364E825E-F224-4853-BD93-58C4AD7D36E4}.Release|x64.Build.0 = Release|x64
		{364E825E-F224-4853-BD93-58C4AD7D36E4}.RemoteLinux|x64.ActiveCfg = Debug|x64
		{364E825E-F224-4853-BD93-58C4AD7D36E4}.RemoteOSX|x64.ActiveCfg = Debug|x64
		{1F07588E-625E-42BF-A4BD-93D7FD67F082}.Debug|x64.ActiveCfg = Debug|x64
		{1F07588E-625E-42BF-A4BD-93D7FD67F082}.Debug|x64.Build.0 = Debug|x64
		{1F07588E-625E-42BF-A4BD-93D7FD67F082}.Release|x64.ActiveCfg = Release|x64
		{1F07588E-625E-42BF-A4BD-93D7FD67F082}.Release|x64.Build.0 = Release|x64
		{1F07588E-625E-42BF-A4BD-93D7FD67F082}.RemoteLinux|x64.ActiveCfg = Debug|x64
		{1F07588E-625E-42BF-A4BD-93D7FD67F082}.RemoteOSX|x64.ActiveCfg = Debug|x64
		{CC599006-A54B-417F-9E3D-650A38A7C3E5}.Debug|x64.ActiveCfg = RemoteOSX|Any CPU
		{CC599006-A54B-417F-9E3D-650A38A7C3E5}.Release|x64.ActiveCfg = RemoteOSX|Any CPU
		{CC599006-A54B-417F-9E3D-650A38A7C3E5}.RemoteLinux|x64.ActiveCfg = RemoteLinux|Any CPU
		{CC599006-A54B-417F-9E3D-650A38A7C3E5}.RemoteLinux|x64.Build.0 = RemoteLinux|Any CPU
		{CC599006-A54B-417F-9E3D-650A38A7C3E5}.RemoteOSX|x64.ActiveCfg = RemoteOSX|Any CPU
		{CC599006-A54B-417F-9E3D-650A38A7C3E5}.RemoteOSX|x64.Build.0 = RemoteOSX|Any CPU
		{793D95A4-706F-49FF-A1E1-8C9E01E94655}.Debug|x64.ActiveCfg = RemoteLinux|x64
		{793D95A4-706F-49FF-A1E1-8C9E01E94655}.Release|x64.ActiveCfg = RemoteLinux|x64
		{793D95A4-706F-49FF-A1E1-8C9E01E94655}.RemoteLinux|x64.ActiveCfg = RemoteLinux|x64
		{793D95A4-706F-49FF-A1E1-8C9E01E94655}.RemoteLinux|x64.Build.0 = RemoteLinux|x64
		{793D95A4-706F-49FF-A1E1-8C9E01E94655}.RemoteOSX|x64.ActiveCfg = RemoteOSX|x64
		{793D95A4-706F-49FF-A1E1-8C9E01E94655}.RemoteOSX|x64.Build.0 = RemoteOSX|x64
		{C278CE8B-BC54-466E-A4F9-56F07CEB116F}.Debug|x64.ActiveCfg = Debug|x64
		{C278CE8B-BC54-466E-A4F9-56F07CEB116F}.Debug|x64.Build.0 = Debug|x64
		{C278CE8B-BC54-466E-A4F9-56F07CEB116F}.Release|x64.ActiveCfg = Release|x64
		{C278CE8B-BC54-466E-A4F9-56F07CEB116F}.Release|x64.Build.0 = Release|x64
		{C278CE8B-BC54-466E-A4F9-56F07CEB116F}.RemoteLinux|x64.ActiveCfg = Release|x64
		{C278CE8B-BC54-466E-A4F9-56F07CEB116F}.RemoteOSX|x64.ActiveCfg = Release|x64
	EndGlobalSection
	GlobalSection(SolutionProperties) = preSolution
		HideSolutionNode = FALSE
	EndGlobalSection
	GlobalSection(NestedProjects) = preSolution
		{0710498A-6BF6-47FB-B552-02E0EFA6D542} = {0989EA0A-5DBB-4468-BB8D-2ADBFF49B04C}
		{71BE47D7-4057-4C10-A9FC-4685F0947B80} = {0989EA0A-5DBB-4468-BB8D-2ADBFF49B04C}
		{AD52B059-EDE4-4BF9-B6A6-AFDE22310615} = {0989EA0A-5DBB-4468-BB8D-2ADBFF49B04C}
		{CC599006-A54B-417F-9E3D-650A38A7C3E5} = {4A2D05F7-6B95-4803-9807-F3E38919B099}
		{A4BD2B4E-C162-4329-B6CF-E0C2F610E5B6} = {323845DB-C57F-48B8-8D9B-33CA513E85FE}
		{85E06AE1-C645-43EE-B02E-24AFAF5CB194} = {A4BD2B4E-C162-4329-B6CF-E0C2F610E5B6}
		{CCC2B42A-EE15-409C-8672-1FBBE533DF4C} = {0989EA0A-5DBB-4468-BB8D-2ADBFF49B04C}
		{3BEB026D-3E5B-4704-AFC4-140DFA93AEBB} = {0989EA0A-5DBB-4468-BB8D-2ADBFF49B04C}
	EndGlobalSection
EndGlobal
