
Microsoft Visual Studio Solution File, Format Version 12.00
# Visual Studio 14
VisualStudioVersion = 14.0.24720.0
MinimumVisualStudioVersion = 10.0.40219.1
Project("{2150E333-8FDC-42A3-9474-1A3956D46DE8}") = "CMakeList", "CMakeList", "{7B814CDC-3467-444E-903C-AEEF7326E60E}"
	ProjectSection(SolutionItems) = preProject
		CMakeLists.txt = CMakeLists.txt
	EndProjectSection
EndProject
Project("{2150E333-8FDC-42A3-9474-1A3956D46DE8}") = "BuildScripts", "BuildScripts", "{0989EA0A-5DBB-4468-BB8D-2ADBFF49B04C}"
	ProjectSection(SolutionItems) = preProject
		BuildScripts\PostBuild.ps1 = BuildScripts\PostBuild.ps1
	EndProjectSection
EndProject
Project("{2150E333-8FDC-42A3-9474-1A3956D46DE8}") = "CMake", "CMake", "{0710498A-6BF6-47FB-B552-02E0EFA6D542}"
	ProjectSection(SolutionItems) = preProject
		BuildScripts\CMake\PrecompiledHeader.cmake = BuildScripts\CMake\PrecompiledHeader.cmake
	EndProjectSection
EndProject
Project("{2150E333-8FDC-42A3-9474-1A3956D46DE8}") = "Doxygen", "Doxygen", "{71BE47D7-4057-4C10-A9FC-4685F0947B80}"
	ProjectSection(SolutionItems) = preProject
		BuildScripts\Doxygen\CyberEngineMkIIAPIDoxy.cfg = BuildScripts\Doxygen\CyberEngineMkIIAPIDoxy.cfg
		BuildScripts\Doxygen\CyberEngineMkIIDoxy.cfg = BuildScripts\Doxygen\CyberEngineMkIIDoxy.cfg
		BuildScripts\Doxygen\doxygen.exe = BuildScripts\Doxygen\doxygen.exe
		BuildScripts\Doxygen\GenerateDox.ps1 = BuildScripts\Doxygen\GenerateDox.ps1
		BuildScripts\Doxygen\TFSUploadDox.ps1 = BuildScripts\Doxygen\TFSUploadDox.ps1
	EndProjectSection
EndProject
Project("{2150E333-8FDC-42A3-9474-1A3956D46DE8}") = "RemoteDebug", "RemoteDebug", "{AD52B059-EDE4-4BF9-B6A6-AFDE22310615}"
	ProjectSection(SolutionItems) = preProject
		BuildScripts\RemoteDebug\plink.exe = BuildScripts\RemoteDebug\plink.exe
		BuildScripts\RemoteDebug\PrivateKey.ppk = BuildScripts\RemoteDebug\PrivateKey.ppk
		BuildScripts\RemoteDebug\pscp.exe = BuildScripts\RemoteDebug\pscp.exe
	EndProjectSection
EndProject
Project("{8BC9CEB8-8B4A-11D0-8D11-00A0C91BC942}") = "Engine", "Engine\Engine.vcxproj", "{364E825E-F224-4853-BD93-58C4AD7D36E4}"
EndProject
Project("{8BC9CEB8-8B4A-11D0-8D11-00A0C91BC942}") = "Executable", "Executable\Executable.vcxproj", "{1F07588E-625E-42BF-A4BD-93D7FD67F082}"
EndProject
Global
	GlobalSection(SolutionConfigurationPlatforms) = preSolution
		Debug|x64 = Debug|x64
		Debug|x86 = Debug|x86
		Release|x64 = Release|x64
		Release|x86 = Release|x86
		Remote|x64 = Remote|x64
		Remote|x86 = Remote|x86
	EndGlobalSection
	GlobalSection(ProjectConfigurationPlatforms) = postSolution
		{364E825E-F224-4853-BD93-58C4AD7D36E4}.Debug|x64.ActiveCfg = Debug|x64
		{364E825E-F224-4853-BD93-58C4AD7D36E4}.Debug|x64.Build.0 = Debug|x64
		{364E825E-F224-4853-BD93-58C4AD7D36E4}.Debug|x86.ActiveCfg = Debug|x64
		{364E825E-F224-4853-BD93-58C4AD7D36E4}.Release|x64.ActiveCfg = Release|x64
		{364E825E-F224-4853-BD93-58C4AD7D36E4}.Release|x64.Build.0 = Release|x64
		{364E825E-F224-4853-BD93-58C4AD7D36E4}.Release|x86.ActiveCfg = Release|x64
		{364E825E-F224-4853-BD93-58C4AD7D36E4}.Remote|x64.ActiveCfg = Remote|x64
		{364E825E-F224-4853-BD93-58C4AD7D36E4}.Remote|x64.Build.0 = Remote|x64
		{364E825E-F224-4853-BD93-58C4AD7D36E4}.Remote|x86.ActiveCfg = Remote|x64
		{1F07588E-625E-42BF-A4BD-93D7FD67F082}.Debug|x64.ActiveCfg = Debug|x64
		{1F07588E-625E-42BF-A4BD-93D7FD67F082}.Debug|x64.Build.0 = Debug|x64
		{1F07588E-625E-42BF-A4BD-93D7FD67F082}.Debug|x86.ActiveCfg = Debug|x64
		{1F07588E-625E-42BF-A4BD-93D7FD67F082}.Release|x64.ActiveCfg = Release|x64
		{1F07588E-625E-42BF-A4BD-93D7FD67F082}.Release|x64.Build.0 = Release|x64
		{1F07588E-625E-42BF-A4BD-93D7FD67F082}.Release|x86.ActiveCfg = Release|x64
		{1F07588E-625E-42BF-A4BD-93D7FD67F082}.Remote|x64.ActiveCfg = Remote|x64
		{1F07588E-625E-42BF-A4BD-93D7FD67F082}.Remote|x64.Build.0 = Remote|x64
		{1F07588E-625E-42BF-A4BD-93D7FD67F082}.Remote|x86.ActiveCfg = Remote|x64
	EndGlobalSection
	GlobalSection(SolutionProperties) = preSolution
		HideSolutionNode = FALSE
	EndGlobalSection
	GlobalSection(NestedProjects) = preSolution
		{0710498A-6BF6-47FB-B552-02E0EFA6D542} = {0989EA0A-5DBB-4468-BB8D-2ADBFF49B04C}
		{71BE47D7-4057-4C10-A9FC-4685F0947B80} = {0989EA0A-5DBB-4468-BB8D-2ADBFF49B04C}
		{AD52B059-EDE4-4BF9-B6A6-AFDE22310615} = {0989EA0A-5DBB-4468-BB8D-2ADBFF49B04C}
	EndGlobalSection
EndGlobal
