<?xml version="1.0" encoding="utf-8"?>
<Project ToolsVersion="4.0" xmlns="http://schemas.microsoft.com/developer/msbuild/2003">
  <ItemGroup>
    <Text Include="CMakeLists.txt" />
  </ItemGroup>
  <ItemGroup>
    <ClCompile Include="CYBWin32Process.cpp">
      <Filter>Platform\Win32</Filter>
    </ClCompile>
    <ClCompile Include="CYB.cpp" />
    <ClCompile Include="CYBPosixProcess.cpp">
      <Filter>Platform\Posix</Filter>
    </ClCompile>
    <ClCompile Include="CYBProcess.cpp">
      <Filter>Platform</Filter>
    </ClCompile>
    <ClCompile Include="CYBThread.cpp">
      <Filter>Platform</Filter>
    </ClCompile>
    <ClCompile Include="CYBWin32Thread.cpp">
      <Filter>Platform\Win32</Filter>
    </ClCompile>
    <ClCompile Include="CYBPosixThread.cpp">
      <Filter>Platform\Posix</Filter>
    </ClCompile>
    <ClCompile Include="CYBOSXThread.cpp">
      <Filter>Platform\OSX</Filter>
    </ClCompile>
    <ClCompile Include="CYBLinuxThread.cpp">
      <Filter>Platform\Linux</Filter>
    </ClCompile>
    <ClCompile Include="CYBWin32VirtualMemory.cpp">
      <Filter>Platform\Win32</Filter>
    </ClCompile>
    <ClCompile Include="CYBPosixVirtualMemory.cpp">
      <Filter>Platform\Posix</Filter>
    </ClCompile>
    <ClCompile Include="CYBException.cpp">
      <Filter>Engine</Filter>
    </ClCompile>
    <ClCompile Include="CYBPosixSyscalls.cpp">
      <Filter>Platform\Posix</Filter>
    </ClCompile>
    <ClCompile Include="CYBWin32Syscalls.cpp">
      <Filter>Platform\Win32</Filter>
    </ClCompile>
    <ClCompile Include="CYBCore.cpp">
      <Filter>Engine</Filter>
    </ClCompile>
    <ClCompile Include="CYBWin32Module.cpp">
      <Filter>Platform\Win32</Filter>
    </ClCompile>
    <ClCompile Include="CYBPosixModule.cpp">
      <Filter>Platform\Posix</Filter>
    </ClCompile>
    <ClCompile Include="CYBModule.cpp">
      <Filter>Platform\Modules</Filter>
    </ClCompile>
  </ItemGroup>
  <ItemGroup>
    <Filter Include="Declarations">
      <UniqueIdentifier>{feb77a55-d65b-4fdc-8b07-b3f500785485}</UniqueIdentifier>
    </Filter>
    <Filter Include="Engine">
      <UniqueIdentifier>{bb1df916-5885-4f0f-abe2-150f831aa0a2}</UniqueIdentifier>
    </Filter>
    <Filter Include="API">
      <UniqueIdentifier>{fa07e106-577a-4426-847a-cfacb07f8457}</UniqueIdentifier>
    </Filter>
    <Filter Include="Platform">
      <UniqueIdentifier>{fdb152be-6add-4659-81d1-d81b75bd3684}</UniqueIdentifier>
    </Filter>
    <Filter Include="Platform\Win32">
      <UniqueIdentifier>{c1ad93c7-1ca0-439d-a0f0-986278690b3c}</UniqueIdentifier>
    </Filter>
    <Filter Include="Platform\Posix">
      <UniqueIdentifier>{9a3b2811-55ab-4eb9-a75a-02a4b7307b2f}</UniqueIdentifier>
    </Filter>
    <Filter Include="Platform\OSX">
      <UniqueIdentifier>{3f6d7dc9-d3d0-4eac-942a-99aae7dbea3e}</UniqueIdentifier>
    </Filter>
    <Filter Include="Platform\Linux">
      <UniqueIdentifier>{3c9a42bc-a56a-4254-9d7e-d2327ddc5ce1}</UniqueIdentifier>
    </Filter>
    <Filter Include="Engine\Memory">
      <UniqueIdentifier>{30c8468c-f4a2-4737-9f2d-5e1165f77516}</UniqueIdentifier>
    </Filter>
    <Filter Include="API\Meta">
      <UniqueIdentifier>{4d92c1de-fa60-4bc8-bde4-afe644e1a639}</UniqueIdentifier>
    </Filter>
    <Filter Include="API\Types">
      <UniqueIdentifier>{2b26b238-b87a-4ee6-85af-25be3af3ff01}</UniqueIdentifier>
    </Filter>
    <Filter Include="Platform\Modules">
      <UniqueIdentifier>{4d40a415-2774-4307-b316-c3e3960e6c24}</UniqueIdentifier>
    </Filter>
  </ItemGroup>
  <ItemGroup>
    <ClInclude Include="Preprocessor.hpp">
      <Filter>Declarations</Filter>
    </ClInclude>
    <ClInclude Include="Endianess.hpp">
      <Filter>Declarations</Filter>
    </ClInclude>
    <ClInclude Include="SystemChecks.hpp">
      <Filter>Declarations</Filter>
    </ClInclude>
    <ClInclude Include="CYBWin32Process.hpp">
      <Filter>Platform\Win32</Filter>
    </ClInclude>
    <ClInclude Include="CYB.hpp" />
    <ClInclude Include="CYBEngine.hpp">
      <Filter>Engine</Filter>
    </ClInclude>
    <ClInclude Include="CYBPlatform.hpp">
      <Filter>Platform</Filter>
    </ClInclude>
    <ClInclude Include="CyberEngine.hpp">
      <Filter>API</Filter>
    </ClInclude>
    <ClInclude Include="CYBProcess.hpp">
      <Filter>Platform</Filter>
    </ClInclude>
    <ClInclude Include="CYBWin32Implementation.hpp">
      <Filter>Platform\Win32</Filter>
    </ClInclude>
    <ClInclude Include="CYBPosixImplementation.hpp">
      <Filter>Platform\Posix</Filter>
    </ClInclude>
    <ClInclude Include="CYBPosixProcess.hpp">
      <Filter>Platform\Posix</Filter>
    </ClInclude>
    <ClInclude Include="CYBOSXImplementation.hpp">
      <Filter>Platform\OSX</Filter>
    </ClInclude>
    <ClInclude Include="CYBLinuxImplementation.hpp">
      <Filter>Platform\Linux</Filter>
    </ClInclude>
    <ClInclude Include="STL.hpp">
      <Filter>Declarations</Filter>
    </ClInclude>
    <ClInclude Include="CYBThread.hpp">
      <Filter>Platform</Filter>
    </ClInclude>
    <ClInclude Include="CYBPosixThread.hpp">
      <Filter>Platform\Posix</Filter>
    </ClInclude>
    <ClInclude Include="CYBWin32Thread.hpp">
      <Filter>Platform\Win32</Filter>
    </ClInclude>
    <ClInclude Include="Exception.hpp">
      <Filter>Declarations</Filter>
    </ClInclude>
    <ClInclude Include="Types.hpp">
      <Filter>Declarations</Filter>
    </ClInclude>
    <ClInclude Include="CYBVirtualMemory.hpp">
      <Filter>Platform</Filter>
    </ClInclude>
    <ClInclude Include="Threadable.hpp">
      <Filter>API</Filter>
    </ClInclude>
    <ClInclude Include="CYBPosixVirtualMemory.hpp">
      <Filter>Platform\Posix</Filter>
    </ClInclude>
    <ClInclude Include="CYBWin32VirtualMemory.hpp">
      <Filter>Platform\Win32</Filter>
    </ClInclude>
    <ClInclude Include="CYBWin32Syscalls.hpp">
      <Filter>Platform\Win32</Filter>
    </ClInclude>
    <ClInclude Include="CYBOSXSyscalls.hpp">
      <Filter>Platform\OSX</Filter>
    </ClInclude>
    <ClInclude Include="CYBLinuxSyscalls.hpp">
      <Filter>Platform\Linux</Filter>
    </ClInclude>
    <ClInclude Include="CYBSyscalls.hpp">
      <Filter>Platform</Filter>
    </ClInclude>
    <ClInclude Include="CYBCore.hpp">
      <Filter>Engine</Filter>
    </ClInclude>
    <ClInclude Include="EngineInformation.hpp">
      <Filter>API\Meta</Filter>
    </ClInclude>
    <ClInclude Include="Singleton.hpp">
      <Filter>API\Types</Filter>
    </ClInclude>
    <ClInclude Include="CYBWin32Module.hpp">
      <Filter>Platform\Win32</Filter>
    </ClInclude>
    <ClInclude Include="CYBPosixModule.hpp">
      <Filter>Platform\Posix</Filter>
    </ClInclude>
    <ClInclude Include="CYBAutoModule.hpp">
      <Filter>Platform\Modules</Filter>
    </ClInclude>
    <ClInclude Include="ParameterPackIndexer.hpp">
      <Filter>API\Types</Filter>
    </ClInclude>
    <ClInclude Include="Typename.hpp">
      <Filter>API\Types</Filter>
    </ClInclude>
    <ClInclude Include="CYBModuleMacros.hpp">
      <Filter>Platform\Modules</Filter>
    </ClInclude>
    <ClInclude Include="CYBModuleManager.hpp">
      <Filter>Platform\Modules</Filter>
    </ClInclude>
    <ClInclude Include="CYBModule.hpp">
      <Filter>Platform\Modules</Filter>
    </ClInclude>
    <ClInclude Include="CYBModules.hpp">
      <Filter>Platform\Modules</Filter>
    </ClInclude>
  </ItemGroup>
  <ItemGroup>
    <None Include="CYBAutoModule.inl">
      <Filter>Platform\Modules</Filter>
    </None>
    <None Include="CYBModuleDefinitions.hpp">
      <Filter>Platform\Modules</Filter>
    </None>
  </ItemGroup>
</Project>