<?xml version="1.0" encoding="utf-8"?>
<Project ToolsVersion="4.0" xmlns="http://schemas.microsoft.com/developer/msbuild/2003">
  <ItemGroup>
    <Text Include="CMakeLists.txt" />
  </ItemGroup>
  <ItemGroup>
    <ClCompile Include="CYB.cpp" />
    <ClCompile Include="Engine\Memory\CYBBlock.cpp">
      <Filter>Engine\Memory</Filter>
    </ClCompile>
    <ClCompile Include="Engine\Memory\CYBHeap.cpp">
      <Filter>Engine\Memory</Filter>
    </ClCompile>
    <ClCompile Include="Engine\Memory\CYBLargeBlock.cpp">
      <Filter>Engine\Memory</Filter>
    </ClCompile>
    <ClCompile Include="Engine\Core\CYBException.cpp">
      <Filter>Engine\Core</Filter>
    </ClCompile>
    <ClCompile Include="Engine\Core\CYBCore.cpp">
      <Filter>Engine\Core</Filter>
    </ClCompile>
    <ClCompile Include="Platform\System\CYBProcess.cpp">
      <Filter>Platform\System</Filter>
    </ClCompile>
    <ClCompile Include="Platform\System\CYBThread.cpp">
      <Filter>Platform\System</Filter>
    </ClCompile>
    <ClCompile Include="Platform\System\Posix\CYBPosixMutex.cpp">
      <Filter>Platform\System\Posix</Filter>
    </ClCompile>
    <ClCompile Include="Platform\System\Posix\CYBPosixProcess.cpp">
      <Filter>Platform\System\Posix</Filter>
    </ClCompile>
    <ClCompile Include="Platform\System\Posix\CYBPosixSyscalls.cpp">
      <Filter>Platform\System\Posix</Filter>
    </ClCompile>
    <ClCompile Include="Platform\System\Posix\CYBPosixThread.cpp">
      <Filter>Platform\System\Posix</Filter>
    </ClCompile>
    <ClCompile Include="Platform\System\Posix\CYBPosixVirtualMemory.cpp">
      <Filter>Platform\System\Posix</Filter>
    </ClCompile>
    <ClCompile Include="Platform\System\Win32\CYBWin32Mutex.cpp">
      <Filter>Platform\System\Win32</Filter>
    </ClCompile>
    <ClCompile Include="Platform\System\Win32\CYBWin32Process.cpp">
      <Filter>Platform\System\Win32</Filter>
    </ClCompile>
    <ClCompile Include="Platform\System\Win32\CYBWin32Syscalls.cpp">
      <Filter>Platform\System\Win32</Filter>
    </ClCompile>
    <ClCompile Include="Platform\System\Win32\CYBWin32Thread.cpp">
      <Filter>Platform\System\Win32</Filter>
    </ClCompile>
    <ClCompile Include="Platform\System\Win32\CYBWin32VirtualMemory.cpp">
      <Filter>Platform\System\Win32</Filter>
    </ClCompile>
    <ClCompile Include="Platform\Modules\CYBModule.cpp">
      <Filter>Platform\Modules</Filter>
    </ClCompile>
    <ClCompile Include="Platform\Modules\Posix\CYBPosixModule.cpp">
      <Filter>Platform\Modules\Posix</Filter>
    </ClCompile>
    <ClCompile Include="Platform\Modules\Win32\CYBWin32Module.cpp">
      <Filter>Platform\Modules\Win32</Filter>
    </ClCompile>
    <ClCompile Include="Platform\System\Win32\CYBWin32Path.cpp">
      <Filter>Platform\System\Win32</Filter>
    </ClCompile>
    <ClCompile Include="Platform\System\Posix\CYBPosixPath.cpp">
      <Filter>Platform\System\Posix</Filter>
    </ClCompile>
    <ClCompile Include="Platform\System\CYBPath.cpp">
      <Filter>Platform\System</Filter>
    </ClCompile>
    <ClCompile Include="Platform\System\CYBVirtualMemory.cpp">
      <Filter>Platform\System</Filter>
    </ClCompile>
    <ClCompile Include="Engine\Core\CYBEngineParameters.cpp">
      <Filter>Engine\Core</Filter>
    </ClCompile>
    <ClCompile Include="Platform\System\OSX\CYBOSXProcess.cpp">
      <Filter>Platform\System\OSX</Filter>
    </ClCompile>
    <ClCompile Include="Platform\System\Linux\CYBLinuxProcess.cpp">
      <Filter>Platform\System\Linux</Filter>
    </ClCompile>
    <ClCompile Include="Platform\System\Linux\CYBLinuxThread.cpp">
      <Filter>Platform\System\Linux</Filter>
    </ClCompile>
    <ClCompile Include="Platform\System\OSX\CYBOSXThread.cpp">
      <Filter>Platform\System\OSX</Filter>
    </ClCompile>
    <ClCompile Include="Platform\System\Linux\CYBLinuxPath.cpp">
      <Filter>Platform\System\Linux</Filter>
    </ClCompile>
    <ClCompile Include="Platform\System\OSX\CYBOSXPath.cpp">
      <Filter>Platform\System\OSX</Filter>
    </ClCompile>
    <ClCompile Include="Platform\SystemHeaders\CYBUTF16String.cpp">
      <Filter>Platform\SystemHeaders</Filter>
    </ClCompile>
    <ClCompile Include="Platform\System\CYBFile.cpp">
      <Filter>Platform\System</Filter>
    </ClCompile>
    <ClCompile Include="Engine\Core\CYBInterop.cpp">
      <Filter>Engine\Core</Filter>
    </ClCompile>
    <ClCompile Include="Platform\System\Win32\CYBWin32File.cpp">
      <Filter>Platform\System\Win32</Filter>
    </ClCompile>
    <ClCompile Include="Platform\System\Posix\CYBPosixFile.cpp">
      <Filter>Platform\System\Posix</Filter>
    </ClCompile>
  </ItemGroup>
  <ItemGroup>
    <Filter Include="API">
      <UniqueIdentifier>{fa07e106-577a-4426-847a-cfacb07f8457}</UniqueIdentifier>
    </Filter>
    <Filter Include="Platform">
      <UniqueIdentifier>{fdb152be-6add-4659-81d1-d81b75bd3684}</UniqueIdentifier>
    </Filter>
    <Filter Include="API\Declarations">
      <UniqueIdentifier>{feb77a55-d65b-4fdc-8b07-b3f500785485}</UniqueIdentifier>
    </Filter>
    <Filter Include="API\ExtendedTypes">
      <UniqueIdentifier>{8465f4df-8436-465f-a010-6e3bcc39231f}</UniqueIdentifier>
    </Filter>
    <Filter Include="API\Types">
      <UniqueIdentifier>{2b26b238-b87a-4ee6-85af-25be3af3ff01}</UniqueIdentifier>
    </Filter>
    <Filter Include="API\Allocatables">
      <UniqueIdentifier>{d4550f5d-5937-4534-b3e7-a603272eefd9}</UniqueIdentifier>
    </Filter>
    <Filter Include="DoxyPages">
      <UniqueIdentifier>{f1241a38-a1a8-4115-9333-dd7d4719c00b}</UniqueIdentifier>
    </Filter>
    <Filter Include="API\Interop">
      <UniqueIdentifier>{ee1f78cc-6a52-4f2c-b867-03a5853d5f57}</UniqueIdentifier>
    </Filter>
    <Filter Include="Platform\System">
      <UniqueIdentifier>{53451fe4-0353-4786-b9b9-3188f3fc95c5}</UniqueIdentifier>
    </Filter>
    <Filter Include="Platform\System\Linux">
      <UniqueIdentifier>{3c9a42bc-a56a-4254-9d7e-d2327ddc5ce1}</UniqueIdentifier>
    </Filter>
    <Filter Include="Platform\System\OSX">
      <UniqueIdentifier>{3f6d7dc9-d3d0-4eac-942a-99aae7dbea3e}</UniqueIdentifier>
    </Filter>
    <Filter Include="Platform\System\Posix">
      <UniqueIdentifier>{9a3b2811-55ab-4eb9-a75a-02a4b7307b2f}</UniqueIdentifier>
    </Filter>
    <Filter Include="Platform\System\Win32">
      <UniqueIdentifier>{c1ad93c7-1ca0-439d-a0f0-986278690b3c}</UniqueIdentifier>
    </Filter>
    <Filter Include="Platform\Modules">
      <UniqueIdentifier>{4d40a415-2774-4307-b316-c3e3960e6c24}</UniqueIdentifier>
    </Filter>
    <Filter Include="Platform\Modules\Win32">
      <UniqueIdentifier>{63f702b6-7ac4-4beb-97dd-9bb60b4c2dc2}</UniqueIdentifier>
    </Filter>
    <Filter Include="Platform\Modules\Posix">
      <UniqueIdentifier>{9b5ada48-934d-49a2-8b4a-adf773d9443f}</UniqueIdentifier>
    </Filter>
    <Filter Include="Platform\SystemHeaders">
      <UniqueIdentifier>{6b809ecb-4166-4752-a9db-f74f1892460b}</UniqueIdentifier>
    </Filter>
    <Filter Include="API\Types\String">
      <UniqueIdentifier>{e56aa628-ce5a-4a16-b43d-542753279801}</UniqueIdentifier>
    </Filter>
    <Filter Include="API\Interfaces">
      <UniqueIdentifier>{d524abdc-cd8e-43a5-9e7e-c1c4e2664043}</UniqueIdentifier>
    </Filter>
    <Filter Include="Engine">
      <UniqueIdentifier>{bb1df916-5885-4f0f-abe2-150f831aa0a2}</UniqueIdentifier>
    </Filter>
    <Filter Include="Engine\Memory">
      <UniqueIdentifier>{30c8468c-f4a2-4737-9f2d-5e1165f77516}</UniqueIdentifier>
    </Filter>
    <Filter Include="Engine\Core">
      <UniqueIdentifier>{7d357251-032e-4d44-8752-b9dd099ec944}</UniqueIdentifier>
    </Filter>
    <Filter Include="API\ExtendedTypes\ECS">
      <UniqueIdentifier>{1e81c00f-f368-452c-9905-b4f45ddbbf70}</UniqueIdentifier>
    </Filter>
  </ItemGroup>
  <ItemGroup>
    <ClInclude Include="CYB.hpp" />
    <ClInclude Include="API\CyberEngine.hpp">
      <Filter>API</Filter>
    </ClInclude>
    <ClInclude Include="API\Declarations\Declarations.hpp">
      <Filter>API\Declarations</Filter>
    </ClInclude>
    <ClInclude Include="API\Declarations\Endianess.hpp">
      <Filter>API\Declarations</Filter>
    </ClInclude>
    <ClInclude Include="API\Declarations\Expressions.hpp">
      <Filter>API\Declarations</Filter>
    </ClInclude>
    <ClInclude Include="API\Declarations\OSDeclaration.hpp">
      <Filter>API\Declarations</Filter>
    </ClInclude>
    <ClInclude Include="API\Declarations\Assert.hpp">
      <Filter>API\Declarations</Filter>
    </ClInclude>
    <ClInclude Include="API\Declarations\STL.hpp">
      <Filter>API\Declarations</Filter>
    </ClInclude>
    <ClInclude Include="API\Declarations\SystemChecks.hpp">
      <Filter>API\Declarations</Filter>
    </ClInclude>
    <ClInclude Include="API\Interfaces\Interfaces.hpp">
      <Filter>API\Interfaces</Filter>
    </ClInclude>
    <ClInclude Include="API\Interfaces\Heap.hpp">
      <Filter>API\Interfaces</Filter>
    </ClInclude>
    <ClInclude Include="API\ExtendedTypes\ExtendedTypes.hpp">
      <Filter>API\ExtendedTypes</Filter>
    </ClInclude>
    <ClInclude Include="API\ExtendedTypes\LockGuard.hpp">
      <Filter>API\ExtendedTypes</Filter>
    </ClInclude>
    <ClInclude Include="API\Types\EngineInformation.hpp">
      <Filter>API\Types</Filter>
    </ClInclude>
    <ClInclude Include="API\Types\Exception.hpp">
      <Filter>API\Types</Filter>
    </ClInclude>
    <ClInclude Include="API\Types\ParameterPack.hpp">
      <Filter>API\Types</Filter>
    </ClInclude>
    <ClInclude Include="API\Types\Singleton.hpp">
      <Filter>API\Types</Filter>
    </ClInclude>
    <ClInclude Include="API\Types\Threadable.hpp">
      <Filter>API\Types</Filter>
    </ClInclude>
    <ClInclude Include="API\Types\ThreadableTaskset.hpp">
      <Filter>API\Types</Filter>
    </ClInclude>
    <ClInclude Include="API\Types\Typename.hpp">
      <Filter>API\Types</Filter>
    </ClInclude>
    <ClInclude Include="API\Types\Types.hpp">
      <Filter>API\Types</Filter>
    </ClInclude>
    <ClInclude Include="API\Allocatables\Mutex.hpp">
      <Filter>API\Allocatables</Filter>
    </ClInclude>
    <ClInclude Include="Engine\CYBEngine.hpp">
      <Filter>Engine</Filter>
    </ClInclude>
    <ClInclude Include="Engine\Memory\CYBBlock.hpp">
      <Filter>Engine\Memory</Filter>
    </ClInclude>
    <ClInclude Include="Engine\Memory\CYBHeap.hpp">
      <Filter>Engine\Memory</Filter>
    </ClInclude>
    <ClInclude Include="Engine\Memory\CYBLargeBlock.hpp">
      <Filter>Engine\Memory</Filter>
    </ClInclude>
    <ClInclude Include="Engine\Memory\CYBMemory.hpp">
      <Filter>Engine\Memory</Filter>
    </ClInclude>
    <ClInclude Include="Engine\Core\CYBEngineParameters.hpp">
      <Filter>Engine\Core</Filter>
    </ClInclude>
    <ClInclude Include="Engine\Core\CYBCore.hpp">
      <Filter>Engine\Core</Filter>
    </ClInclude>
    <ClInclude Include="API\Interop\Constructor.hpp">
      <Filter>API\Interop</Filter>
    </ClInclude>
    <ClInclude Include="API\Interop\Allocatable.hpp">
      <Filter>API\Interop</Filter>
    </ClInclude>
    <ClInclude Include="API\Interop\Interop.hpp">
      <Filter>API\Interop</Filter>
    </ClInclude>
    <ClInclude Include="API\Interop\Object.hpp">
      <Filter>API\Interop</Filter>
    </ClInclude>
    <ClInclude Include="API\Interop\Allocator.hpp">
      <Filter>API\Interop</Filter>
    </ClInclude>
    <ClInclude Include="API\Allocatables\Allocatables.hpp">
      <Filter>API\Allocatables</Filter>
    </ClInclude>
    <ClInclude Include="Platform\System\CYBVirtualMemory.hpp">
      <Filter>Platform\System</Filter>
    </ClInclude>
    <ClInclude Include="Platform\System\CYBFile.hpp">
      <Filter>Platform\System</Filter>
    </ClInclude>
    <ClInclude Include="Platform\System\CYBMutex.hpp">
      <Filter>Platform\System</Filter>
    </ClInclude>
    <ClInclude Include="Platform\System\CYBProcess.hpp">
      <Filter>Platform\System</Filter>
    </ClInclude>
    <ClInclude Include="Platform\System\CYBSyscalls.hpp">
      <Filter>Platform\System</Filter>
    </ClInclude>
    <ClInclude Include="Platform\System\CYBThread.hpp">
      <Filter>Platform\System</Filter>
    </ClInclude>
    <ClInclude Include="Platform\System\Linux\CYBLinuxSyscalls.hpp">
      <Filter>Platform\System\Linux</Filter>
    </ClInclude>
    <ClInclude Include="Platform\System\OSX\CYBOSXSyscalls.hpp">
      <Filter>Platform\System\OSX</Filter>
    </ClInclude>
    <ClInclude Include="Platform\System\Posix\CYBPosixMutex.hpp">
      <Filter>Platform\System\Posix</Filter>
    </ClInclude>
    <ClInclude Include="Platform\System\Posix\CYBPosixProcess.hpp">
      <Filter>Platform\System\Posix</Filter>
    </ClInclude>
    <ClInclude Include="Platform\System\Posix\CYBPosixThread.hpp">
      <Filter>Platform\System\Posix</Filter>
    </ClInclude>
    <ClInclude Include="Platform\System\Posix\CYBPosixVirtualMemory.hpp">
      <Filter>Platform\System\Posix</Filter>
    </ClInclude>
    <ClInclude Include="Platform\System\Win32\CYBWin32Mutex.hpp">
      <Filter>Platform\System\Win32</Filter>
    </ClInclude>
    <ClInclude Include="Platform\System\Win32\CYBWin32Process.hpp">
      <Filter>Platform\System\Win32</Filter>
    </ClInclude>
    <ClInclude Include="Platform\System\Win32\CYBWin32Syscalls.hpp">
      <Filter>Platform\System\Win32</Filter>
    </ClInclude>
    <ClInclude Include="Platform\System\Win32\CYBWin32Thread.hpp">
      <Filter>Platform\System\Win32</Filter>
    </ClInclude>
    <ClInclude Include="Platform\System\Win32\CYBWin32VirtualMemory.hpp">
      <Filter>Platform\System\Win32</Filter>
    </ClInclude>
    <ClInclude Include="Platform\System\CYBSystem.hpp">
      <Filter>Platform\System</Filter>
    </ClInclude>
    <ClInclude Include="Platform\CYBPlatform.hpp">
      <Filter>Platform</Filter>
    </ClInclude>
    <ClInclude Include="Platform\System\Linux\CYBLinuxSystemImplementation.hpp">
      <Filter>Platform\System\Linux</Filter>
    </ClInclude>
    <ClInclude Include="Platform\System\OSX\CYBOSXSystemImplementation.hpp">
      <Filter>Platform\System\OSX</Filter>
    </ClInclude>
    <ClInclude Include="Platform\System\Posix\CYBPosixSystemImplementation.hpp">
      <Filter>Platform\System\Posix</Filter>
    </ClInclude>
    <ClInclude Include="Platform\System\Win32\CYBWin32SystemImplementation.hpp">
      <Filter>Platform\System\Win32</Filter>
    </ClInclude>
    <ClInclude Include="Platform\Modules\CYBAutoModule.hpp">
      <Filter>Platform\Modules</Filter>
    </ClInclude>
    <ClInclude Include="Platform\Modules\CYBModule.hpp">
      <Filter>Platform\Modules</Filter>
    </ClInclude>
    <ClInclude Include="Platform\Modules\CYBModuleMacros.hpp">
      <Filter>Platform\Modules</Filter>
    </ClInclude>
    <ClInclude Include="Platform\Modules\CYBModuleManager.hpp">
      <Filter>Platform\Modules</Filter>
    </ClInclude>
    <ClInclude Include="Platform\Modules\CYBModules.hpp">
      <Filter>Platform\Modules</Filter>
    </ClInclude>
    <ClInclude Include="Platform\Modules\Win32\CYBWin32Module.hpp">
      <Filter>Platform\Modules\Win32</Filter>
    </ClInclude>
    <ClInclude Include="Platform\Modules\Posix\CYBPosixModule.hpp">
      <Filter>Platform\Modules\Posix</Filter>
    </ClInclude>
    <ClInclude Include="Platform\SystemHeaders\CYBWin32Headers.hpp">
      <Filter>Platform\SystemHeaders</Filter>
    </ClInclude>
    <ClInclude Include="Platform\SystemHeaders\CYBPosixHeaders.hpp">
      <Filter>Platform\SystemHeaders</Filter>
    </ClInclude>
    <ClInclude Include="Platform\SystemHeaders\CYBLinuxHeaders.hpp">
      <Filter>Platform\SystemHeaders</Filter>
    </ClInclude>
    <ClInclude Include="Platform\SystemHeaders\CYBOSXHeaders.hpp">
      <Filter>Platform\SystemHeaders</Filter>
    </ClInclude>
    <ClInclude Include="Platform\SystemHeaders\CYBSystemHeaders.hpp">
      <Filter>Platform\SystemHeaders</Filter>
    </ClInclude>
    <ClInclude Include="Platform\System\CYBPath.hpp">
      <Filter>Platform\System</Filter>
    </ClInclude>
    <ClInclude Include="API\Types\String\CStyleString.hpp">
      <Filter>API\Types\String</Filter>
    </ClInclude>
    <ClInclude Include="API\Types\String\DynamicString.hpp">
      <Filter>API\Types\String</Filter>
    </ClInclude>
    <ClInclude Include="API\Types\String\StaticString.hpp">
      <Filter>API\Types\String</Filter>
    </ClInclude>
    <ClInclude Include="API\Types\String\Strings.hpp">
      <Filter>API\Types\String</Filter>
    </ClInclude>
    <ClInclude Include="API\Types\String\UTF8String.hpp">
      <Filter>API\Types\String</Filter>
    </ClInclude>
    <ClInclude Include="API\Interop\STLAllocator.hpp">
      <Filter>API\Interop</Filter>
    </ClInclude>
    <ClInclude Include="API\Types\Containers.hpp">
      <Filter>API\Types</Filter>
    </ClInclude>
    <ClInclude Include="Platform\System\Win32\CYBWin32Path.hpp">
      <Filter>Platform\System\Win32</Filter>
    </ClInclude>
    <ClInclude Include="Platform\SystemHeaders\CYBUTF16String.hpp">
      <Filter>Platform\SystemHeaders</Filter>
    </ClInclude>
    <ClInclude Include="Platform\System\Posix\CYBPosixPath.hpp">
      <Filter>Platform\System\Posix</Filter>
    </ClInclude>
    <ClInclude Include="API\Allocatables\Path.hpp">
      <Filter>API\Allocatables</Filter>
    </ClInclude>
    <ClInclude Include="Platform\Modules\Win32\CYBWin32ModuleImplementation.hpp">
      <Filter>Platform\Modules\Win32</Filter>
    </ClInclude>
    <ClInclude Include="Platform\Modules\Posix\CYBPosixModuleImplementation.hpp">
      <Filter>Platform\Modules\Posix</Filter>
    </ClInclude>
    <ClInclude Include="API\Allocatables\File.hpp">
      <Filter>API\Allocatables</Filter>
    </ClInclude>
    <ClInclude Include="API\Interop\Context.hpp">
      <Filter>API\Interop</Filter>
    </ClInclude>
    <ClInclude Include="Engine\Core\CYBInterop.hpp">
      <Filter>Engine\Core</Filter>
    </ClInclude>
    <ClInclude Include="Platform\System\Win32\CYBWin32File.hpp">
      <Filter>Platform\System\Win32</Filter>
    </ClInclude>
    <ClInclude Include="Platform\System\Posix\CYBPosixFile.hpp">
      <Filter>Platform\System\Posix</Filter>
    </ClInclude>
    <ClInclude Include="API\ExtendedTypes\ECS\ECS.hpp">
      <Filter>API\ExtendedTypes\ECS</Filter>
    </ClInclude>
  </ItemGroup>
  <ItemGroup>
    <None Include="DoxyPages\Contexts.dox">
      <Filter>DoxyPages</Filter>
    </None>
    <None Include="DoxyPages\Conventions.dox">
      <Filter>DoxyPages</Filter>
    </None>
    <None Include="DoxyPages\Main.dox">
      <Filter>DoxyPages</Filter>
    </None>
    <None Include="API\Declarations\Assert.inl">
      <Filter>API\Declarations</Filter>
    </None>
    <None Include="API\Declarations\Endianess.inl">
      <Filter>API\Declarations</Filter>
    </None>
    <None Include="API\Declarations\Expressions.inl">
      <Filter>API\Declarations</Filter>
    </None>
    <None Include="API\Types\Exception.inl">
      <Filter>API\Types</Filter>
    </None>
    <None Include="API\Types\ParameterPack.inl">
      <Filter>API\Types</Filter>
    </None>
    <None Include="API\Types\Singleton.inl">
      <Filter>API\Types</Filter>
    </None>
    <None Include="API\Interop\Object.inl">
      <Filter>API\Interop</Filter>
    </None>
    <None Include="API\Interop\Allocator.inl">
      <Filter>API\Interop</Filter>
    </None>
    <None Include="API\Declarations\OSDeclaration.inl">
      <Filter>API\Declarations</Filter>
    </None>
    <None Include="API\ExtendedTypes\LockGuard.inl">
      <Filter>API\ExtendedTypes</Filter>
    </None>
    <None Include="Platform\Modules\CYBAutoModule.inl">
      <Filter>Platform\Modules</Filter>
    </None>
    <None Include="Platform\Modules\CYBModuleDefinitions.hpp">
      <Filter>Platform\Modules</Filter>
    </None>
    <None Include="Platform\System\CYBSyscalls.inl">
      <Filter>Platform\System</Filter>
    </None>
    <None Include="API\Types\String\CStyleString.inl">
      <Filter>API\Types\String</Filter>
    </None>
    <None Include="API\Types\String\StaticString.inl">
      <Filter>API\Types\String</Filter>
    </None>
    <None Include="API\Types\String\DynamicString.inl">
      <Filter>API\Types\String</Filter>
    </None>
    <None Include="API\Types\String\UTF8String.inl">
      <Filter>API\Types\String</Filter>
    </None>
    <None Include="API\Interop\STLAllocator.inl">
      <Filter>API\Interop</Filter>
    </None>
    <None Include="API\Interop\Interop.inl">
      <Filter>API\Interop</Filter>
    </None>
    <None Include="API\Interop\Allocatable.inl">
      <Filter>API\Interop</Filter>
    </None>
    <None Include="API\Interop\Constructor.inl">
      <Filter>API\Interop</Filter>
    </None>
    <None Include="API\Types\ThreadableTaskset.inl">
      <Filter>API\Types</Filter>
    </None>
    <None Include="API\Interop\Context.inl">
      <Filter>API\Interop</Filter>
    </None>
    <None Include="Platform\Modules\CYBModuleManager.inl">
      <Filter>Platform\Modules</Filter>
    </None>
    <None Include="API\ExtendedTypes\ECS\ECS.inl">
      <Filter>API\ExtendedTypes\ECS</Filter>
    </None>
  </ItemGroup>
  <ItemGroup>
    <Xml Include="DoxyPages\DoxygenLayout.xml">
      <Filter>DoxyPages</Filter>
    </Xml>
  </ItemGroup>
  <ItemGroup>
    <Natvis Include="CyberEngineMkIII.natvis" />
  </ItemGroup>
</Project>