<?xml version="1.0" encoding="utf-8"?>
<Project ToolsVersion="4.0" xmlns="http://schemas.microsoft.com/developer/msbuild/2003">
  <ItemGroup>
    <ClCompile Include="TestHeader.cpp" />
    <ClCompile Include="Platform\Modules.cpp">
      <Filter>Platform</Filter>
    </ClCompile>
    <ClCompile Include="Platform\Threads.cpp">
      <Filter>Platform</Filter>
    </ClCompile>
    <ClCompile Include="Platform\VirtualMemory.cpp">
      <Filter>Platform</Filter>
    </ClCompile>
    <ClCompile Include="Win32Main.cpp" />
    <ClCompile Include="PosixMain.cpp" />
    <ClCompile Include="FakeCore.cpp" />
    <ClCompile Include="Engine\Memory\Blocks.cpp">
      <Filter>Engine\Memory</Filter>
    </ClCompile>
    <ClCompile Include="Engine\Memory\Heap.cpp">
      <Filter>Engine\Memory</Filter>
    </ClCompile>
  </ItemGroup>
  <ItemGroup>
    <ClInclude Include="TestHeader.hpp" />
    <ClInclude Include="ModuleDependancy.hpp" />
  </ItemGroup>
  <ItemGroup>
    <Text Include="CMakeLists.txt" />
  </ItemGroup>
  <ItemGroup>
    <Filter Include="Platform">
      <UniqueIdentifier>{908278e1-4fc0-4a66-a6d2-c0f6b7060186}</UniqueIdentifier>
    </Filter>
    <Filter Include="Engine">
      <UniqueIdentifier>{fa372db8-9a5a-43ae-b02a-e896a00de8c0}</UniqueIdentifier>
    </Filter>
    <Filter Include="Engine\Memory">
      <UniqueIdentifier>{425fa603-9991-4a95-8f53-ee4b26a0e984}</UniqueIdentifier>
    </Filter>
  </ItemGroup>
  <ItemGroup>
    <None Include="ModuleDependancy.inl" />
  </ItemGroup>
</Project>