<?xml version="1.0" encoding="utf-8"?>
<Project ToolsVersion="4.0" xmlns="http://schemas.microsoft.com/developer/msbuild/2003">
  <ItemGroup>
    <ClCompile Include="TestHeader.cpp" />
    <ClCompile Include="Win32Main.cpp" />
    <ClCompile Include="PosixMain.cpp" />
    <ClCompile Include="Engine\Memory\Blocks.cpp">
      <Filter>Engine\Memory</Filter>
    </ClCompile>
    <ClCompile Include="Engine\Memory\Heap.cpp">
      <Filter>Engine\Memory</Filter>
    </ClCompile>
    <ClCompile Include="Platform\System\VirtualMemory.cpp">
      <Filter>Platform\System</Filter>
    </ClCompile>
    <ClCompile Include="Platform\System\Threads.cpp">
      <Filter>Platform\System</Filter>
    </ClCompile>
    <ClCompile Include="Platform\Modules.cpp">
      <Filter>Platform</Filter>
    </ClCompile>
    <ClCompile Include="Platform\System\Mutex.cpp">
      <Filter>Platform\System</Filter>
    </ClCompile>
    <ClCompile Include="Platform\System\Process.cpp">
      <Filter>Platform\System</Filter>
    </ClCompile>
    <ClCompile Include="Utils\Fakes.cpp">
      <Filter>Utils</Filter>
    </ClCompile>
    <ClCompile Include="Engine\Core\Exception.cpp">
      <Filter>Engine\Core</Filter>
    </ClCompile>
    <ClCompile Include="Engine\Core\Core.cpp">
      <Filter>Engine\Core</Filter>
    </ClCompile>
    <ClCompile Include="API\String\StaticAndCStyleString.cpp">
      <Filter>API\String</Filter>
    </ClCompile>
    <ClCompile Include="API\String\DynamicString.cpp">
      <Filter>API\String</Filter>
    </ClCompile>
    <ClCompile Include="API\String\UTF8String.cpp">
      <Filter>API\String</Filter>
    </ClCompile>
    <ClCompile Include="Platform\System\Path.cpp">
      <Filter>Platform\System</Filter>
    </ClCompile>
    <ClCompile Include="API\String\UTF16String.cpp">
      <Filter>API\String</Filter>
    </ClCompile>
  </ItemGroup>
  <ItemGroup>
    <ClInclude Include="TestHeader.hpp" />
    <ClInclude Include="Utils\ModuleDependancy.hpp">
      <Filter>Utils</Filter>
    </ClInclude>
    <ClInclude Include="Utils\CallRedirect.hpp">
      <Filter>Utils</Filter>
    </ClInclude>
    <ClInclude Include="Utils\RedirectedFunction.hpp">
      <Filter>Utils</Filter>
    </ClInclude>
    <ClInclude Include="Utils\Fakes.hpp">
      <Filter>Utils</Filter>
    </ClInclude>
    <ClInclude Include="Utils\Utils.hpp">
      <Filter>Utils</Filter>
    </ClInclude>
    <ClInclude Include="Utils\Backdoor.hpp">
      <Filter>Utils</Filter>
    </ClInclude>
    <ClInclude Include="Utils\ForkRegistry.hpp">
      <Filter>Utils</Filter>
    </ClInclude>
  </ItemGroup>
  <ItemGroup>
    <Text Include="CMakeLists.txt" />
  </ItemGroup>
  <ItemGroup>
    <Filter Include="Engine">
      <UniqueIdentifier>{fa372db8-9a5a-43ae-b02a-e896a00de8c0}</UniqueIdentifier>
    </Filter>
    <Filter Include="Engine\Memory">
      <UniqueIdentifier>{425fa603-9991-4a95-8f53-ee4b26a0e984}</UniqueIdentifier>
    </Filter>
    <Filter Include="Utils">
      <UniqueIdentifier>{a21cea0c-e8c3-4ad7-93b3-c26dd833ab9c}</UniqueIdentifier>
    </Filter>
    <Filter Include="API">
      <UniqueIdentifier>{5796917a-7159-452d-b820-cb9d8b1c0a94}</UniqueIdentifier>
    </Filter>
    <Filter Include="API\String">
      <UniqueIdentifier>{05252be5-da06-4c86-96ee-1329faf80680}</UniqueIdentifier>
    </Filter>
    <Filter Include="Engine\Core">
      <UniqueIdentifier>{5fcaeb86-f9ff-48ad-aa0b-32d95a8a36ca}</UniqueIdentifier>
    </Filter>
    <Filter Include="Platform">
      <UniqueIdentifier>{908278e1-4fc0-4a66-a6d2-c0f6b7060186}</UniqueIdentifier>
    </Filter>
    <Filter Include="Platform\System">
      <UniqueIdentifier>{d9f48e56-d925-4662-a7a3-11f74d450da7}</UniqueIdentifier>
    </Filter>
  </ItemGroup>
  <ItemGroup>
    <None Include="Utils\ModuleDependancy.inl">
      <Filter>Utils</Filter>
    </None>
    <None Include="Utils\CallRedirect.inl">
      <Filter>Utils</Filter>
    </None>
    <None Include="CoverageExclusions.runsettings" />
    <None Include="llvm-gcov.sh" />
    <None Include="Utils\Backdoor.inl">
      <Filter>Utils</Filter>
    </None>
    <None Include="Main.inl" />
    <None Include="Utils\HCF.inl">
      <Filter>Utils</Filter>
    </None>
  </ItemGroup>
</Project>